# Bon de Visite — SAFTI Immobilier

Application web de création et signature électronique de bons de visite.

## Déploiement sur Railway (sans terminal)

### Étape 1 — Créer un compte GitHub (si pas déjà fait)
1. Va sur https://github.com et crée un compte gratuit

### Étape 2 — Mettre le projet sur GitHub
1. Va sur https://github.com/new
2. Nomme le dépôt `bon-de-visite`
3. Laisse tout par défaut, clique **Create repository**
4. Clique **uploading an existing file**
5. Glisse-dépose tous les fichiers du dossier `bdv-app` (y compris le dossier `public/`)
6. Clique **Commit changes**

### Étape 3 — Déployer sur Railway
1. Va sur https://railway.app et connecte-toi avec ton compte GitHub
2. Clique **New Project** → **Deploy from GitHub repo**
3. Sélectionne `bon-de-visite`
4. Railway détecte automatiquement Node.js et démarre le déploiement
5. Dans l'onglet **Settings** → **Networking** → clique **Generate Domain**
6. Ton application est en ligne ! Tu obtiens une URL du type `https://bon-de-visite-xxxx.railway.app`

### Coût
- Gratuit jusqu'à 500h/mois (plan Hobby à $5/mois pour usage illimité)

## Utilisation

### Conseiller (toi)
- Accède à ton URL Railway
- **Tableau de bord** : vois tous tes bons, leur statut, copie les liens
- **Nouveau bon** : remplis le formulaire → obtiens le lien à envoyer au client

### Client
- Il reçoit le lien par SMS ou email
- Il voit le bon avec l'adresse masquée
- Il signe avec son doigt (mobile) ou la souris (ordinateur)
- L'adresse se révèle automatiquement après signature
